{
  "lockfileVersion": 1,
  "configVersion": 1,
  "workspaces": {
    "": {
      "name": "bun-react-template",
      "dependencies": {
        "@types/lodash": "^4.17.24",
        "axios": "^1.13.6",
        "bun-plugin-tailwind": "^0.1.2",
        "clsx": "^2.1.1",
        "lodash": "^4.17.23",
        "react": "^19",
        "react-dom": "^19",
        "react-icons": "^5.6.0",
        "tailwind-merge": "^3.5.0",
        "tailwindcss": "^4.1.11",
        "valibot": "^1.2.0",
        "wouter": "^3.9.0",
      },
      "devDependencies": {
        "@types/bun": "latest",
        "@types/react": "^19",
        "@types/react-dom": "^19",
        "oxfmt": "^0.61.0",
        "oxlint": "^1.76.0",
      },
    },
  },
  "packages": {
    "@oven/bun-darwin-aarch64": ["@oven/bun-darwin-aarch64@1.3.10", "", { "os": "darwin", "cpu": "arm64" }, "sha512-PXgg5gqcS/rHwa1hF0JdM1y5TiyejVrMHoBmWY/DjtfYZoFTXie1RCFOkoG0b5diOOmUcuYarMpH7CSNTqwj+w=="],

    "@oven/bun-darwin-x64": ["@oven/bun-darwin-x64@1.3.10", "", { "os": "darwin", "cpu": "x64" }, "sha512-Nhssuh7GBpP5PiDSOl3+qnoIG7PJo+ec2oomDevnl9pRY6x6aD2gRt0JE+uf+A8Om2D6gjeHCxjEdrw5ZHE8mA=="],

    "@oven/bun-darwin-x64-baseline": ["@oven/bun-darwin-x64-baseline@1.3.10", "", { "os": "darwin", "cpu": "x64" }, "sha512-w1gaTlqU0IJCmJ1X+PGHkdNU1n8Gemx5YKkjhkJIguvFINXEBB5U1KG82QsT65Tk4KyNMfbLTlmy4giAvUoKfA=="],

    "@oven/bun-linux-aarch64": ["@oven/bun-linux-aarch64@1.3.10", "", { "os": "linux", "cpu": "arm64" }, "sha512-OUgPHfL6+PM2Q+tFZjcaycN3D7gdQdYlWnwMI31DXZKY1r4HINWk9aEz9t/rNaHg65edwNrt7dsv9TF7xK8xIA=="],

    "@oven/bun-linux-aarch64-musl": ["@oven/bun-linux-aarch64-musl@1.3.10", "", { "os": "linux", "cpu": "arm64" }, "sha512-Ui5pAgM7JE9MzHokF0VglRMkbak3lTisY4Mf1AZutPACXWgKJC5aGrgnHBfkl7QS6fEeYb0juy1q4eRznRHOsw=="],

    "@oven/bun-linux-x64": ["@oven/bun-linux-x64@1.3.10", "", { "os": "linux", "cpu": "x64" }, "sha512-bzUgYj/PIZziB/ZesIP9HUyfvh6Vlf3od+TrbTTyVEuCSMKzDPQVW/yEbRp0tcHO3alwiEXwJDrWrHAguXlgiQ=="],

    "@oven/bun-linux-x64-baseline": ["@oven/bun-linux-x64-baseline@1.3.10", "", { "os": "linux", "cpu": "x64" }, "sha512-oqvMDYpX6dGJO03HgO5bXuccEsH3qbdO3MaAiAlO4CfkBPLUXz3N0DDElg5hz0L6ktdDVKbQVE5lfe+LAUISQg=="],

    "@oven/bun-linux-x64-musl": ["@oven/bun-linux-x64-musl@1.3.10", "", { "os": "linux", "cpu": "x64" }, "sha512-poVXvOShekbexHq45b4MH/mRjQKwACAC8lHp3Tz/hEDuz0/20oncqScnmKwzhBPEpqJvydXficXfBYuSim8opw=="],

    "@oven/bun-linux-x64-musl-baseline": ["@oven/bun-linux-x64-musl-baseline@1.3.10", "", { "os": "linux", "cpu": "x64" }, "sha512-/hOZ6S1VsTX6vtbhWVL9aAnOrdpuO54mAGUWpTdMz7dFG5UBZ/VUEiK0pBkq9A1rlBk0GeD/6Y4NBFl8Ha7cRA=="],

    "@oven/bun-windows-aarch64": ["@oven/bun-windows-aarch64@1.3.10", "", { "os": "win32", "cpu": "arm64" }, "sha512-GXbz2swvN2DLw2dXZFeedMxSJtI64xQ9xp9Eg7Hjejg6mS2E4dP1xoQ2yAo2aZPi/2OBPAVaGzppI2q20XumHA=="],

    "@oven/bun-windows-x64": ["@oven/bun-windows-x64@1.3.10", "", { "os": "win32", "cpu": "x64" }, "sha512-qaS1In3yfC/Z/IGQriVmF8GWwKuNqiw7feTSJWaQhH5IbL6ENR+4wGNPniZSJFaM/SKUO0e/YCRdoVBvgU4C1g=="],

    "@oven/bun-windows-x64-baseline": ["@oven/bun-windows-x64-baseline@1.3.10", "", { "os": "win32", "cpu": "x64" }, "sha512-gh3UAHbUdDUG6fhLc1Csa4IGdtghue6U8oAIXWnUqawp6lwb3gOCRvp25IUnLF5vUHtgfMxuEUYV7YA2WxVutw=="],

    "@oxfmt/binding-android-arm-eabi": ["@oxfmt/binding-android-arm-eabi@0.61.0", "", { "os": "android", "cpu": "arm" }, "sha512-BaS+1OVvg9sr+Xav0+KdWedQRcAzrdoEcwMZeqoc2F6ieC1s/t5eM35YQoRPQ7vAqkZ+p3tbQb1r9I9mrV5oGA=="],

    "@oxfmt/binding-android-arm64": ["@oxfmt/binding-android-arm64@0.61.0", "", { "os": "android", "cpu": "arm64" }, "sha512-of8atAV0M1egGcVOMbgZCvc10sFOP3ayQBNQV5h5G3fNq8gACdEswfFk9bzGrdbM23rtg0Coxi7np7oPLcueNw=="],

    "@oxfmt/binding-darwin-arm64": ["@oxfmt/binding-darwin-arm64@0.61.0", "", { "os": "darwin", "cpu": "arm64" }, "sha512-7l8+5ov4BGwtAcmpzvEik/TG3bciwyw/S3e6j5GKH7pcQqcgCVxD3AuJeP6upto+SOTBKQ4wrrdbMt0gq8fHSQ=="],

    "@oxfmt/binding-darwin-x64": ["@oxfmt/binding-darwin-x64@0.61.0", "", { "os": "darwin", "cpu": "x64" }, "sha512-Fnz4dDDXBb7udk+DmwelNjxbD6yptyxwCqwCH2ebo4RVLxVsRfFsn/AHJC49KIltPrVokamGv4SSOsiV50DTxQ=="],

    "@oxfmt/binding-freebsd-x64": ["@oxfmt/binding-freebsd-x64@0.61.0", "", { "os": "freebsd", "cpu": "x64" }, "sha512-mddOebKNCP+AucmzfNsk3jgbr681qAUvgMqi865GW5gWLJ/AnzXbvjQRrny0e++NAN8aphav/aRSrfFxNsNjpA=="],

    "@oxfmt/binding-linux-arm-gnueabihf": ["@oxfmt/binding-linux-arm-gnueabihf@0.61.0", "", { "os": "linux", "cpu": "arm" }, "sha512-svx59iYL+DbaZGZUIoice4W0CjRXGExnbz7Re+awIb60rVxBS2KrU7Hnlx+nZYanLGLpjneUEgo/VFEKkSZAyQ=="],

    "@oxfmt/binding-linux-arm-musleabihf": ["@oxfmt/binding-linux-arm-musleabihf@0.61.0", "", { "os": "linux", "cpu": "arm" }, "sha512-BYK9MPJPCf6d+fLKMTruThmEyCtHzQ1zLcsrTlUVkmnoXIaHAbfpeLYQwX1tkjs7W11dyzoi6HFvKcdnvX1zNg=="],

    "@oxfmt/binding-linux-arm64-gnu": ["@oxfmt/binding-linux-arm64-gnu@0.61.0", "", { "os": "linux", "cpu": "arm64" }, "sha512-QUaCNLq2/EC6G5ljOuFanl9Lgw6ZWp4co7rs4+KOMUzbGfA4Lq58FHRjjF9sVIG+93XSbo343MxFATrOU1qctA=="],

    "@oxfmt/binding-linux-arm64-musl": ["@oxfmt/binding-linux-arm64-musl@0.61.0", "", { "os": "linux", "cpu": "arm64" }, "sha512-S6uvJ6MXnRXl+zTs0CARNDvkE+cymj0EVWEKKsyKnlLlqTyQJBjw5s4D2pSIOZc+S46cy4STefzcr/sm0VzVPA=="],

    "@oxfmt/binding-linux-ppc64-gnu": ["@oxfmt/binding-linux-ppc64-gnu@0.61.0", "", { "os": "linux", "cpu": "ppc64" }, "sha512-6VDlRcytvZG6UlSIdAFKDLbppo9tvPxrWzle6vHldYFMeuDPQEfMKrkwezp7FaBq1wik9ra554ZZeRPsyIkFpg=="],

    "@oxfmt/binding-linux-riscv64-gnu": ["@oxfmt/binding-linux-riscv64-gnu@0.61.0", "", { "os": "linux", "cpu": "none" }, "sha512-KkBTYbzExpbmn15XjKPLu2fRV2PVlq+KWt+brad5rwIa03vdYoaDRWiS7raHII/dCTR6Ro4UpYUCH4t6lif4WQ=="],

    "@oxfmt/binding-linux-riscv64-musl": ["@oxfmt/binding-linux-riscv64-musl@0.61.0", "", { "os": "linux", "cpu": "none" }, "sha512-69tzIq7sJLVB9dxYYtvMzcSSsnZHSO+U2U19O2RqDqgj6+Q4O7HjSXdaszbcgqzhsUwzSH7z5kWvk8nmf6BHTg=="],

    "@oxfmt/binding-linux-s390x-gnu": ["@oxfmt/binding-linux-s390x-gnu@0.61.0", "", { "os": "linux", "cpu": "s390x" }, "sha512-Oqi/N0OvtOVXsPKAOOhKgGH3msRYF8BLJaNBbWiupRiKoKVyc8JRKPCfarkQJC+RgP9U8raUKLe+bNwd0HUMiA=="],

    "@oxfmt/binding-linux-x64-gnu": ["@oxfmt/binding-linux-x64-gnu@0.61.0", "", { "os": "linux", "cpu": "x64" }, "sha512-3TKwv/ed4uwJSemAA8P9XcoqETpjQI4waquF9UilhA9Mn/dhr1PdUEXWlL74mtc6ZNfmKPA9+NEJm01nRF8CVA=="],

    "@oxfmt/binding-linux-x64-musl": ["@oxfmt/binding-linux-x64-musl@0.61.0", "", { "os": "linux", "cpu": "x64" }, "sha512-uFso4u4nLkVSlMCpgjyvWV60Gt7GvDQHnk1mmRxHIkZTMB0ljpUKwCD9FYGgN9H97x2wYl0UwEjgRZaPIuhEhw=="],

    "@oxfmt/binding-openharmony-arm64": ["@oxfmt/binding-openharmony-arm64@0.61.0", "", { "os": "none", "cpu": "arm64" }, "sha512-keGLkzeOvkMpNmPp4hffXWpfoSsY6e1K8++KXD4mSSfxdvM8q9QUDsYY689TB1k6Co832DZn1MnaaVx6cIBMWQ=="],

    "@oxfmt/binding-win32-arm64-msvc": ["@oxfmt/binding-win32-arm64-msvc@0.61.0", "", { "os": "win32", "cpu": "arm64" }, "sha512-VzsAISkFxmNhJ5LBDEL9VuH6tJsVJMtqYit2LyIUf/HLnsCe4Pg9SMOjjVQzGWt0bnpyfJ94CrqTqcpNZzK+ug=="],

    "@oxfmt/binding-win32-ia32-msvc": ["@oxfmt/binding-win32-ia32-msvc@0.61.0", "", { "os": "win32", "cpu": "ia32" }, "sha512-xv4t7yzwJoYaLB6Zv28B3W+j7brEjsyv50rLTAQgmxJzddce9fAMCxed8dSAkbWES0zz2J29nYK5FaTuD2YBHg=="],

    "@oxfmt/binding-win32-x64-msvc": ["@oxfmt/binding-win32-x64-msvc@0.61.0", "", { "os": "win32", "cpu": "x64" }, "sha512-6EZXFkqOwxdDYjIn3TSNnPk3ST5E5GiYd4FiM6UF/mCL/LZSfr6D6UygTfW3R1PCQP2quCKpCEGRlij8E3VYbg=="],

    "@oxlint/binding-android-arm-eabi": ["@oxlint/binding-android-arm-eabi@1.76.0", "", { "os": "android", "cpu": "arm" }, "sha512-ZHIE5Zt9AsPDcY4nOlofXt0YfneEeo+QrKMPcPzLf2Z6Q8VtV2W73d7SFJ920WUwyik783u/doKCs3KXdwG+7w=="],

    "@oxlint/binding-android-arm64": ["@oxlint/binding-android-arm64@1.76.0", "", { "os": "android", "cpu": "arm64" }, "sha512-shm/ngQilHK6bs+ElJWa4oHfNj5vL1Gl/iVEJldTQjpr0/67oSgr0KUpbmcnLig5Fo0v/l6j2567A7TOL89ONA=="],

    "@oxlint/binding-darwin-arm64": ["@oxlint/binding-darwin-arm64@1.76.0", "", { "os": "darwin", "cpu": "arm64" }, "sha512-rvJmrAPKSQ9aWJ6wIS6CK2tJjwzfW0ApQH9qokq6sfDvmHwoyIHxHFMq7z7i7GiV6fdE6s8qvBqWKPTu8RmT6Q=="],

    "@oxlint/binding-darwin-x64": ["@oxlint/binding-darwin-x64@1.76.0", "", { "os": "darwin", "cpu": "x64" }, "sha512-U/zYdb7VYKGY6pA9Vd2rYl9O/HlCylcOlb5PGPvVLtg+oLGsk6H3XGKEMHKyqD3nmmtmlmwb/8SwU2vfSAtvMw=="],

    "@oxlint/binding-freebsd-x64": ["@oxlint/binding-freebsd-x64@1.76.0", "", { "os": "freebsd", "cpu": "x64" }, "sha512-WvKG9CAriuo0XNiFzpXjDngUZcRGFNpaK2kLyMUsnJlShxkT96u+BpJQ3KqdQwGOrvI14L6V8bAwXwAYNNY6Jg=="],

    "@oxlint/binding-linux-arm-gnueabihf": ["@oxlint/binding-linux-arm-gnueabihf@1.76.0", "", { "os": "linux", "cpu": "arm" }, "sha512-qJ5+RH99TqFRq3UCDxkW0zJJu9c+OAHFY72vGlxZLEpuO+MpKo3POgqb8sYipL9KYm8XY6ofb0HsOuvY6hQNqQ=="],

    "@oxlint/binding-linux-arm-musleabihf": ["@oxlint/binding-linux-arm-musleabihf@1.76.0", "", { "os": "linux", "cpu": "arm" }, "sha512-PvPCVptkgVARsucgIqFQQcSmJ6xc6GtnVB5bRBekRahTc9eObMtjHfMjy5M+C2tHt5UCMttWM9RuSk/H9NqYeg=="],

    "@oxlint/binding-linux-arm64-gnu": ["@oxlint/binding-linux-arm64-gnu@1.76.0", "", { "os": "linux", "cpu": "arm64" }, "sha512-3KeFDx8Bu4HPAXbuHZOr/oHvN+QT+JQhMw/NYPz7Z071xLSsG27Jfh9PIQVEY7hk1I+jr43ExqRIeJ6VKk2yLw=="],

    "@oxlint/binding-linux-arm64-musl": ["@oxlint/binding-linux-arm64-musl@1.76.0", "", { "os": "linux", "cpu": "arm64" }, "sha512-oPFkkKTgl0K/EIg9fQ8oA3IGcI05/Mq1en04iFa41mmNPT+6KEiByVazTOZZJiHMBBrbsns1YJ2e1Scqwzesjw=="],

    "@oxlint/binding-linux-ppc64-gnu": ["@oxlint/binding-linux-ppc64-gnu@1.76.0", "", { "os": "linux", "cpu": "ppc64" }, "sha512-gN7yZ0eqflA5Fhf1wvHxGUltIV3FsvmB1zhNMDEK9vSHhc7E6qg9CuPeBgPZab66Tjzq6w6kHAtNEvnTHf4cyw=="],

    "@oxlint/binding-linux-riscv64-gnu": ["@oxlint/binding-linux-riscv64-gnu@1.76.0", "", { "os": "linux", "cpu": "none" }, "sha512-S/HqMbn22mQrjtErUxEoS/a55u8kIeXvreIxiJu5G7Le3UecEd6SQZxrDIpuhtgaFnsY/nVra3ytP+pRljDilA=="],

    "@oxlint/binding-linux-riscv64-musl": ["@oxlint/binding-linux-riscv64-musl@1.76.0", "", { "os": "linux", "cpu": "none" }, "sha512-ZIga3097VJZolGZk6SrIAUokIGfRkxRlhiHDUznZptGBfwrhD7pNfD1rzEzsCwvk/1DX0A1bLz+liuNh5QKIVQ=="],

    "@oxlint/binding-linux-s390x-gnu": ["@oxlint/binding-linux-s390x-gnu@1.76.0", "", { "os": "linux", "cpu": "s390x" }, "sha512-ZGiiA7pFzMJSyMWYZTVlPgbTsx+Vl8ihLGMIujPwaslUF7kIPPWAbVmAlTc+9lWDV+DCiB8Ikixu+lSHeOIIWQ=="],

    "@oxlint/binding-linux-x64-gnu": ["@oxlint/binding-linux-x64-gnu@1.76.0", "", { "os": "linux", "cpu": "x64" }, "sha512-JLiy5WuvEBFTT6ErIFV35SLzi0R7Iri6MKU6dZbTxfIx8pndbbPs3Mj780nMipBFcPkti+okAPOJ9POKkHFEgg=="],

    "@oxlint/binding-linux-x64-musl": ["@oxlint/binding-linux-x64-musl@1.76.0", "", { "os": "linux", "cpu": "x64" }, "sha512-z7lgKQtbo/I1NIe8G5NHLesxJDv0tRSUWTpXKb9Pm3E9nKFKfO4IOSDtFroKgXtOYb0jQbcdH+0wzTyMXVes+A=="],

    "@oxlint/binding-openharmony-arm64": ["@oxlint/binding-openharmony-arm64@1.76.0", "", { "os": "none", "cpu": "arm64" }, "sha512-JOjKymIpb9QcYfEhZsN6h4V9Ivd474W38cNIBRv6bg2TbIvogbMTH0Mg6YWW9TiRDqfcX+/Hyfsbo5vcSE5guQ=="],

    "@oxlint/binding-win32-arm64-msvc": ["@oxlint/binding-win32-arm64-msvc@1.76.0", "", { "os": "win32", "cpu": "arm64" }, "sha512-pqDWZiwcmByWUEm1NFUBNiT6aentCcaoMWJv0HbXEmuYermJ4sg8ppVrshubYP2MZ6SHccJJcpr6x469PuDFIw=="],

    "@oxlint/binding-win32-ia32-msvc": ["@oxlint/binding-win32-ia32-msvc@1.76.0", "", { "os": "win32", "cpu": "ia32" }, "sha512-Ba0O659kgMv6pwO3z9PdO+K3aMxQRaw9HnG+e6AtOfgwcKFvYilciQYBoUBmxfQvOCKZe1SwjMkuB542NkuDMQ=="],

    "@oxlint/binding-win32-x64-msvc": ["@oxlint/binding-win32-x64-msvc@1.76.0", "", { "os": "win32", "cpu": "x64" }, "sha512-5qcirPHO8nKfkoowEVWtpAoVTcYDy6g0UT0NGic450Qv8J2NrOqg4uQ8QppRP4MDTC7Xx47lbZnmadTH03CGGA=="],

    "@types/bun": ["@types/bun@1.3.10", "", { "dependencies": { "bun-types": "1.3.10" } }, "sha512-0+rlrUrOrTSskibryHbvQkDOWRJwJZqZlxrUs1u4oOoTln8+WIXBPmAuCF35SWB2z4Zl3E84Nl/D0P7803nigQ=="],

    "@types/lodash": ["@types/lodash@4.17.24", "", {}, "sha512-gIW7lQLZbue7lRSWEFql49QJJWThrTFFeIMJdp3eH4tKoxm1OvEPg02rm4wCCSHS0cL3/Fizimb35b7k8atwsQ=="],

    "@types/node": ["@types/node@25.3.3", "", { "dependencies": { "undici-types": "~7.18.0" } }, "sha512-DpzbrH7wIcBaJibpKo9nnSQL0MTRdnWttGyE5haGwK86xgMOkFLp7vEyfQPGLOJh5wNYiJ3V9PmUMDhV9u8kkQ=="],

    "@types/react": ["@types/react@19.2.14", "", { "dependencies": { "csstype": "^3.2.2" } }, "sha512-ilcTH/UniCkMdtexkoCN0bI7pMcJDvmQFPvuPvmEaYA/NSfFTAgdUSLAoVjaRJm7+6PvcM+q1zYOwS4wTYMF9w=="],

    "@types/react-dom": ["@types/react-dom@19.2.3", "", { "peerDependencies": { "@types/react": "^19.2.0" } }, "sha512-jp2L/eY6fn+KgVVQAOqYItbF0VY/YApe5Mz2F0aykSO8gx31bYCZyvSeYxCHKvzHG5eZjc+zyaS5BrBWya2+kQ=="],

    "asynckit": ["asynckit@0.4.0", "", {}, "sha512-Oei9OH4tRh0YqU3GxhX79dM/mwVgvbZJaSNaRk+bshkj0S5cfHcgYakreBjrHwatXKbz+IoIdYLxrKim2MjW0Q=="],

    "axios": ["axios@1.13.6", "", { "dependencies": { "follow-redirects": "^1.15.11", "form-data": "^4.0.5", "proxy-from-env": "^1.1.0" } }, "sha512-ChTCHMouEe2kn713WHbQGcuYrr6fXTBiu460OTwWrWob16g1bXn4vtz07Ope7ewMozJAnEquLk5lWQWtBig9DQ=="],

    "bun": ["bun@1.3.10", "", { "optionalDependencies": { "@oven/bun-darwin-aarch64": "1.3.10", "@oven/bun-darwin-x64": "1.3.10", "@oven/bun-darwin-x64-baseline": "1.3.10", "@oven/bun-linux-aarch64": "1.3.10", "@oven/bun-linux-aarch64-musl": "1.3.10", "@oven/bun-linux-x64": "1.3.10", "@oven/bun-linux-x64-baseline": "1.3.10", "@oven/bun-linux-x64-musl": "1.3.10", "@oven/bun-linux-x64-musl-baseline": "1.3.10", "@oven/bun-windows-aarch64": "1.3.10", "@oven/bun-windows-x64": "1.3.10", "@oven/bun-windows-x64-baseline": "1.3.10" }, "os": [ "linux", "win32", "darwin", ], "cpu": [ "x64", "arm64", ], "bin": { "bun": "bin/bun.exe", "bunx": "bin/bunx.exe" } }, "sha512-S/CXaXXIyA4CMjdMkYQ4T2YMqnAn4s0ysD3mlsY4bUiOCqGlv28zck4Wd4H4kpvbekx15S9mUeLQ7Uxd0tYTLA=="],

    "bun-plugin-tailwind": ["bun-plugin-tailwind@0.1.2", "", { "peerDependencies": { "bun": ">=1.0.0" } }, "sha512-41jNC1tZRSK3s1o7pTNrLuQG8kL/0vR/JgiTmZAJ1eHwe0w5j6HFPKeqEk0WAD13jfrUC7+ULuewFBBCoADPpg=="],

    "bun-types": ["bun-types@1.3.10", "", { "dependencies": { "@types/node": "*" } }, "sha512-tcpfCCl6XWo6nCVnpcVrxQ+9AYN1iqMIzgrSKYMB/fjLtV2eyAVEg7AxQJuCq/26R6HpKWykQXuSOq/21RYcbg=="],

    "call-bind-apply-helpers": ["call-bind-apply-helpers@1.0.2", "", { "dependencies": { "es-errors": "^1.3.0", "function-bind": "^1.1.2" } }, "sha512-Sp1ablJ0ivDkSzjcaJdxEunN5/XvksFJ2sMBFfq6x0ryhQV/2b/KwFe21cMpmHtPOSij8K99/wSfoEuTObmuMQ=="],

    "clsx": ["clsx@2.1.1", "", {}, "sha512-eYm0QWBtUrBWZWG0d386OGAw16Z995PiOVo2B7bjWSbHedGl5e0ZWaq65kOGgUSNesEIDkB9ISbTg/JK9dhCZA=="],

    "combined-stream": ["combined-stream@1.0.8", "", { "dependencies": { "delayed-stream": "~1.0.0" } }, "sha512-FQN4MRfuJeHf7cBbBMJFXhKSDq+2kAArBlmRBvcvFE5BB1HZKXtSFASDhdlz9zOYwxh8lDdnvmMOe/+5cdoEdg=="],

    "csstype": ["csstype@3.2.3", "", {}, "sha512-z1HGKcYy2xA8AGQfwrn0PAy+PB7X/GSj3UVJW9qKyn43xWa+gl5nXmU4qqLMRzWVLFC8KusUX8T/0kCiOYpAIQ=="],

    "delayed-stream": ["delayed-stream@1.0.0", "", {}, "sha512-ZySD7Nf91aLB0RxL4KGrKHBXl7Eds1DAmEdcoVawXnLD7SDhpNgtuII2aAkg7a7QS41jxPSZ17p4VdGnMHk3MQ=="],

    "dunder-proto": ["dunder-proto@1.0.1", "", { "dependencies": { "call-bind-apply-helpers": "^1.0.1", "es-errors": "^1.3.0", "gopd": "^1.2.0" } }, "sha512-KIN/nDJBQRcXw0MLVhZE9iQHmG68qAVIBg9CqmUYjmQIhgij9U5MFvrqkUL5FbtyyzZuOeOt0zdeRe4UY7ct+A=="],

    "es-define-property": ["es-define-property@1.0.1", "", {}, "sha512-e3nRfgfUZ4rNGL232gUgX06QNyyez04KdjFrF+LTRoOXmrOgFKDg4BCdsjW8EnT69eqdYGmRpJwiPVYNrCaW3g=="],

    "es-errors": ["es-errors@1.3.0", "", {}, "sha512-Zf5H2Kxt2xjTvbJvP2ZWLEICxA6j+hAmMzIlypy4xcBg1vKVnx89Wy0GbS+kf5cwCVFFzdCFh2XSCFNULS6csw=="],

    "es-object-atoms": ["es-object-atoms@1.1.1", "", { "dependencies": { "es-errors": "^1.3.0" } }, "sha512-FGgH2h8zKNim9ljj7dankFPcICIK9Cp5bm+c2gQSYePhpaG5+esrLODihIorn+Pe6FGJzWhXQotPv73jTaldXA=="],

    "es-set-tostringtag": ["es-set-tostringtag@2.1.0", "", { "dependencies": { "es-errors": "^1.3.0", "get-intrinsic": "^1.2.6", "has-tostringtag": "^1.0.2", "hasown": "^2.0.2" } }, "sha512-j6vWzfrGVfyXxge+O0x5sh6cvxAog0a/4Rdd2K36zCMV5eJ+/+tOAngRO8cODMNWbVRdVlmGZQL2YS3yR8bIUA=="],

    "follow-redirects": ["follow-redirects@1.15.11", "", {}, "sha512-deG2P0JfjrTxl50XGCDyfI97ZGVCxIpfKYmfyrQ54n5FO/0gfIES8C/Psl6kWVDolizcaaxZJnTS0QSMxvnsBQ=="],

    "form-data": ["form-data@4.0.5", "", { "dependencies": { "asynckit": "^0.4.0", "combined-stream": "^1.0.8", "es-set-tostringtag": "^2.1.0", "hasown": "^2.0.2", "mime-types": "^2.1.12" } }, "sha512-8RipRLol37bNs2bhoV67fiTEvdTrbMUYcFTiy3+wuuOnUog2QBHCZWXDRijWQfAkhBj2Uf5UnVaiWwA5vdd82w=="],

    "function-bind": ["function-bind@1.1.2", "", {}, "sha512-7XHNxH7qX9xG5mIwxkhumTox/MIRNcOgDrxWsMt2pAr23WHp6MrRlN7FBSFpCpr+oVO0F744iUgR82nJMfG2SA=="],

    "get-intrinsic": ["get-intrinsic@1.3.0", "", { "dependencies": { "call-bind-apply-helpers": "^1.0.2", "es-define-property": "^1.0.1", "es-errors": "^1.3.0", "es-object-atoms": "^1.1.1", "function-bind": "^1.1.2", "get-proto": "^1.0.1", "gopd": "^1.2.0", "has-symbols": "^1.1.0", "hasown": "^2.0.2", "math-intrinsics": "^1.1.0" } }, "sha512-9fSjSaos/fRIVIp+xSJlE6lfwhES7LNtKaCBIamHsjr2na1BiABJPo0mOjjz8GJDURarmCPGqaiVg5mfjb98CQ=="],

    "get-proto": ["get-proto@1.0.1", "", { "dependencies": { "dunder-proto": "^1.0.1", "es-object-atoms": "^1.0.0" } }, "sha512-sTSfBjoXBp89JvIKIefqw7U2CCebsc74kiY6awiGogKtoSGbgjYE/G/+l9sF3MWFPNc9IcoOC4ODfKHfxFmp0g=="],

    "gopd": ["gopd@1.2.0", "", {}, "sha512-ZUKRh6/kUFoAiTAtTYPZJ3hw9wNxx+BIBOijnlG9PnrJsCcSjs1wyyD6vJpaYtgnzDrKYRSqf3OO6Rfa93xsRg=="],

    "has-symbols": ["has-symbols@1.1.0", "", {}, "sha512-1cDNdwJ2Jaohmb3sg4OmKaMBwuC48sYni5HUw2DvsC8LjGTLK9h+eb1X6RyuOHe4hT0ULCW68iomhjUoKUqlPQ=="],

    "has-tostringtag": ["has-tostringtag@1.0.2", "", { "dependencies": { "has-symbols": "^1.0.3" } }, "sha512-NqADB8VjPFLM2V0VvHUewwwsw0ZWBaIdgo+ieHtK3hasLz4qeCRjYcqfB6AQrBggRKppKF8L52/VqdVsO47Dlw=="],

    "hasown": ["hasown@2.0.2", "", { "dependencies": { "function-bind": "^1.1.2" } }, "sha512-0hJU9SCPvmMzIBdZFqNPXWa6dqh7WdH0cII9y+CyS8rG3nL48Bclra9HmKhVVUHyPWNH5Y7xDwAB7bfgSjkUMQ=="],

    "lodash": ["lodash@4.17.23", "", {}, "sha512-LgVTMpQtIopCi79SJeDiP0TfWi5CNEc/L/aRdTh3yIvmZXTnheWpKjSZhnvMl8iXbC1tFg9gdHHDMLoV7CnG+w=="],

    "math-intrinsics": ["math-intrinsics@1.1.0", "", {}, "sha512-/IXtbwEk5HTPyEwyKX6hGkYXxM9nbj64B+ilVJnC/R6B0pH5G4V3b0pVbL7DBj4tkhBAppbQUlf6F6Xl9LHu1g=="],

    "mime-db": ["mime-db@1.52.0", "", {}, "sha512-sPU4uV7dYlvtWJxwwxHD0PuihVNiE7TyAbQ5SWxDCB9mUYvOgroQOwYQQOKPJ8CIbE+1ETVlOoK1UC2nU3gYvg=="],

    "mime-types": ["mime-types@2.1.35", "", { "dependencies": { "mime-db": "1.52.0" } }, "sha512-ZDY+bPm5zTTF+YpCrAU9nK0UgICYPT0QtT1NZWFv4s++TNkcgVaT0g6+4R2uI4MjQjzysHB1zxuWL50hzaeXiw=="],

    "mitt": ["mitt@3.0.1", "", {}, "sha512-vKivATfr97l2/QBCYAkXYDbrIWPM2IIKEl7YPhjCvKlG3kE2gm+uBo6nEXK3M5/Ffh/FLpKExzOQ3JJoJGFKBw=="],

    "oxfmt": ["oxfmt@0.61.0", "", { "dependencies": { "tinypool": "2.1.0" }, "optionalDependencies": { "@oxfmt/binding-android-arm-eabi": "0.61.0", "@oxfmt/binding-android-arm64": "0.61.0", "@oxfmt/binding-darwin-arm64": "0.61.0", "@oxfmt/binding-darwin-x64": "0.61.0", "@oxfmt/binding-freebsd-x64": "0.61.0", "@oxfmt/binding-linux-arm-gnueabihf": "0.61.0", "@oxfmt/binding-linux-arm-musleabihf": "0.61.0", "@oxfmt/binding-linux-arm64-gnu": "0.61.0", "@oxfmt/binding-linux-arm64-musl": "0.61.0", "@oxfmt/binding-linux-ppc64-gnu": "0.61.0", "@oxfmt/binding-linux-riscv64-gnu": "0.61.0", "@oxfmt/binding-linux-riscv64-musl": "0.61.0", "@oxfmt/binding-linux-s390x-gnu": "0.61.0", "@oxfmt/binding-linux-x64-gnu": "0.61.0", "@oxfmt/binding-linux-x64-musl": "0.61.0", "@oxfmt/binding-openharmony-arm64": "0.61.0", "@oxfmt/binding-win32-arm64-msvc": "0.61.0", "@oxfmt/binding-win32-ia32-msvc": "0.61.0", "@oxfmt/binding-win32-x64-msvc": "0.61.0" }, "peerDependencies": { "svelte": "^5.0.0", "vite-plus": "*" }, "optionalPeers": ["svelte", "vite-plus"], "bin": { "oxfmt": "bin/oxfmt" } }, "sha512-DxdHBEMYpcEnHoUHjjOigUqV2TYKsvxLwUPXnVYBjgFdqrcQ/91OtwubtZ2PUodCs3sStI8R5Qw3fKNGK4e8wQ=="],

    "oxlint": ["oxlint@1.76.0", "", { "optionalDependencies": { "@oxlint/binding-android-arm-eabi": "1.76.0", "@oxlint/binding-android-arm64": "1.76.0", "@oxlint/binding-darwin-arm64": "1.76.0", "@oxlint/binding-darwin-x64": "1.76.0", "@oxlint/binding-freebsd-x64": "1.76.0", "@oxlint/binding-linux-arm-gnueabihf": "1.76.0", "@oxlint/binding-linux-arm-musleabihf": "1.76.0", "@oxlint/binding-linux-arm64-gnu": "1.76.0", "@oxlint/binding-linux-arm64-musl": "1.76.0", "@oxlint/binding-linux-ppc64-gnu": "1.76.0", "@oxlint/binding-linux-riscv64-gnu": "1.76.0", "@oxlint/binding-linux-riscv64-musl": "1.76.0", "@oxlint/binding-linux-s390x-gnu": "1.76.0", "@oxlint/binding-linux-x64-gnu": "1.76.0", "@oxlint/binding-linux-x64-musl": "1.76.0", "@oxlint/binding-openharmony-arm64": "1.76.0", "@oxlint/binding-win32-arm64-msvc": "1.76.0", "@oxlint/binding-win32-ia32-msvc": "1.76.0", "@oxlint/binding-win32-x64-msvc": "1.76.0" }, "peerDependencies": { "oxlint-tsgolint": ">=7.0.2001", "vite-plus": "*" }, "optionalPeers": ["oxlint-tsgolint", "vite-plus"], "bin": { "oxlint": "bin/oxlint" } }, "sha512-6QoFioEU4fNdiUx/2Eo6TRd6NG7H7njnRCz8rhB66cZmMHDTqcm1Rjvl8Wry+ZTQMBAmyb4Mlf62Mk5X+eHSOw=="],

    "proxy-from-env": ["proxy-from-env@1.1.0", "", {}, "sha512-D+zkORCbA9f1tdWRK0RaCR3GPv50cMxcrz4X8k5LTSUD1Dkw47mKJEZQNunItRTkWwgtaUSo1RVFRIG9ZXiFYg=="],

    "react": ["react@19.2.4", "", {}, "sha512-9nfp2hYpCwOjAN+8TZFGhtWEwgvWHXqESH8qT89AT/lWklpLON22Lc8pEtnpsZz7VmawabSU0gCjnj8aC0euHQ=="],

    "react-dom": ["react-dom@19.2.4", "", { "dependencies": { "scheduler": "^0.27.0" }, "peerDependencies": { "react": "^19.2.4" } }, "sha512-AXJdLo8kgMbimY95O2aKQqsz2iWi9jMgKJhRBAxECE4IFxfcazB2LmzloIoibJI3C12IlY20+KFaLv+71bUJeQ=="],

    "react-icons": ["react-icons@5.6.0", "", { "peerDependencies": { "react": "*" } }, "sha512-RH93p5ki6LfOiIt0UtDyNg/cee+HLVR6cHHtW3wALfo+eOHTp8RnU2kRkI6E+H19zMIs03DyxUG/GfZMOGvmiA=="],

    "regexparam": ["regexparam@3.0.0", "", {}, "sha512-RSYAtP31mvYLkAHrOlh25pCNQ5hWnT106VukGaaFfuJrZFkGRX5GhUAdPqpSDXxOhA2c4akmRuplv1mRqnBn6Q=="],

    "scheduler": ["scheduler@0.27.0", "", {}, "sha512-eNv+WrVbKu1f3vbYJT/xtiF5syA5HPIMtf9IgY/nKg0sWqzAUEvqY/xm7OcZc/qafLx/iO9FgOmeSAp4v5ti/Q=="],

    "tailwind-merge": ["tailwind-merge@3.5.0", "", {}, "sha512-I8K9wewnVDkL1NTGoqWmVEIlUcB9gFriAEkXkfCjX5ib8ezGxtR3xD7iZIxrfArjEsH7F1CHD4RFUtxefdqV/A=="],

    "tailwindcss": ["tailwindcss@4.2.1", "", {}, "sha512-/tBrSQ36vCleJkAOsy9kbNTgaxvGbyOamC30PRePTQe/o1MFwEKHQk4Cn7BNGaPtjp+PuUrByJehM1hgxfq4sw=="],

    "tinypool": ["tinypool@2.1.0", "", {}, "sha512-Pugqs6M0m7Lv1I7FtxN4aoyToKg1C4tu+/381vH35y8oENM/Ai7f7C4StcoK4/+BSw9ebcS8jRiVrORFKCALLw=="],

    "undici-types": ["undici-types@7.18.2", "", {}, "sha512-AsuCzffGHJybSaRrmr5eHr81mwJU3kjw6M+uprWvCXiNeN9SOGwQ3Jn8jb8m3Z6izVgknn1R0FTCEAP2QrLY/w=="],

    "use-sync-external-store": ["use-sync-external-store@1.6.0", "", { "peerDependencies": { "react": "^16.8.0 || ^17.0.0 || ^18.0.0 || ^19.0.0" } }, "sha512-Pp6GSwGP/NrPIrxVFAIkOQeyw8lFenOHijQWkUTrDvrF4ALqylP2C/KCkeS9dpUM3KvYRQhna5vt7IL95+ZQ9w=="],

    "valibot": ["valibot@1.2.0", "", { "peerDependencies": { "typescript": ">=5" }, "optionalPeers": ["typescript"] }, "sha512-mm1rxUsmOxzrwnX5arGS+U4T25RdvpPjPN4yR0u9pUBov9+zGVtO84tif1eY4r6zWxVxu3KzIyknJy3rxfRZZg=="],

    "wouter": ["wouter@3.9.0", "", { "dependencies": { "mitt": "^3.0.1", "regexparam": "^3.0.0", "use-sync-external-store": "^1.0.0" }, "peerDependencies": { "react": ">=16.8.0" } }, "sha512-sF/od/PIgqEQBQcrN7a2x3MX6MQE6nW0ygCfy9hQuUkuB28wEZuu/6M5GyqkrrEu9M6jxdkgE12yDFsQMKos4Q=="],
  }
}
